
Microsoft Visual Studio Solution File, Format Version 12.00
# Visual Studio 15
VisualStudioVersion = 15.0.28307.960
MinimumVisualStudioVersion = 10.0.40219.1
Project("{FAE04EC0-301F-11D3-BF4B-00C04F79EFBC}") = "JiangSuPad", "JiangSuPad\JiangSuPad.csproj", "{9EE2EF4D-E6F6-4DD2-ACEE-F3A761F0BEED}"
EndProject
Project("{2150E333-8FDC-42A3-9474-1A3956D46DE8}") = "Logger", "Logger", "{D2A0658F-0385-4302-B572-C384D42204C6}"
EndProject
Project("{FAE04EC0-301F-11D3-BF4B-00C04F79EFBC}") = "LoggerDeclare", "LoggerDeclare\LoggerDeclare.csproj", "{1A333C04-6A7C-49A6-AAF1-5F388C1AE6C0}"
EndProject
Project("{FAE04EC0-301F-11D3-BF4B-00C04F79EFBC}") = "DefaultLogger", "DefaultLogger\DefaultLogger.csproj", "{15EF7FC8-67B2-4CCC-B9EB-7A88972AD3E0}"
EndProject
Project("{2150E333-8FDC-42A3-9474-1A3956D46DE8}") = "CardReader", "CardReader", "{ACC1D769-961D-462D-A017-E5822341D4A2}"
EndProject
Project("{2150E333-8FDC-42A3-9474-1A3956D46DE8}") = "Configuration", "Configuration", "{A369790A-91A6-4973-A8E4-670B7392E1DF}"
EndProject
Project("{FAE04EC0-301F-11D3-BF4B-00C04F79EFBC}") = "JsonFileConfiguration", "JsonConfiguration\JsonFileConfiguration.csproj", "{A65700C9-8AD2-40F6-9B05-C86076109115}"
EndProject
Project("{FAE04EC0-301F-11D3-BF4B-00C04F79EFBC}") = "FileConfigurationInterface", "FileConfigurationInterface\FileConfigurationInterface.csproj", "{EAA73369-4391-4045-B390-AF4D58054086}"
EndProject
Project("{2150E333-8FDC-42A3-9474-1A3956D46DE8}") = "ParameterMediator", "ParameterMediator", "{AF06B128-763D-409B-B999-413E874A616B}"
EndProject
Project("{FAE04EC0-301F-11D3-BF4B-00C04F79EFBC}") = "ParameterDeclare", "ParameterDeclare\ParameterDeclare.csproj", "{4384788C-80FC-4BA0-97F3-626549EB6383}"
EndProject
Project("{FAE04EC0-301F-11D3-BF4B-00C04F79EFBC}") = "DefaultParameterPass", "DefaultParameterPass\DefaultParameterPass.csproj", "{B97E6143-F6C4-485B-AAF0-D4450FE1EB30}"
EndProject
Project("{FAE04EC0-301F-11D3-BF4B-00C04F79EFBC}") = "ICardReaderDeclare", "IdCardReaderDeclare\ICardReaderDeclare.csproj", "{84714139-261C-4D4B-A06E-D3A9BA0DB491}"
EndProject
Project("{2150E333-8FDC-42A3-9474-1A3956D46DE8}") = "Message", "Message", "{17AA0CFD-293E-4ACE-82C8-FBBD2E920FD3}"
EndProject
Project("{FAE04EC0-301F-11D3-BF4B-00C04F79EFBC}") = "ConmonMessage", "ConmonMessage\ConmonMessage.csproj", "{C97FDCA2-3FBD-4378-809B-0926E0D2F8A6}"
EndProject
Project("{FAE04EC0-301F-11D3-BF4B-00C04F79EFBC}") = "DeviceMessage", "DeviceMessage\DeviceMessage.csproj", "{F12C3BD4-FEB9-4A59-9F2F-F676A60D30BA}"
EndProject
Project("{FAE04EC0-301F-11D3-BF4B-00C04F79EFBC}") = "DkCardReaderImpl", "IdCardReaderImpl\DkCardReaderImpl.csproj", "{78109175-0CCE-4A83-8A86-6D9A654D032A}"
EndProject
Project("{FAE04EC0-301F-11D3-BF4B-00C04F79EFBC}") = "UserControls", "UserControls\UserControls.csproj", "{2827DE5A-2DAB-47C7-8CF1-426611A36340}"
EndProject
Project("{FAE04EC0-301F-11D3-BF4B-00C04F79EFBC}") = "TsCardReaderImpl", "TsCardReaderImpl\TsCardReaderImpl.csproj", "{F081E17E-B20D-44B8-93AE-35D463350758}"
EndProject
Project("{FAE04EC0-301F-11D3-BF4B-00C04F79EFBC}") = "CustomerInstall", "CustomerInstall\CustomerInstall.csproj", "{FA41113A-C984-4630-831B-F89A797D7701}"
EndProject
Global
	GlobalSection(SolutionConfigurationPlatforms) = preSolution
		Debug|Any CPU = Debug|Any CPU
		Release|Any CPU = Release|Any CPU
	EndGlobalSection
	GlobalSection(ProjectConfigurationPlatforms) = postSolution
		{9EE2EF4D-E6F6-4DD2-ACEE-F3A761F0BEED}.Debug|Any CPU.ActiveCfg = Debug|Any CPU
		{9EE2EF4D-E6F6-4DD2-ACEE-F3A761F0BEED}.Debug|Any CPU.Build.0 = Debug|Any CPU
		{9EE2EF4D-E6F6-4DD2-ACEE-F3A761F0BEED}.Release|Any CPU.ActiveCfg = Release|Any CPU
		{9EE2EF4D-E6F6-4DD2-ACEE-F3A761F0BEED}.Release|Any CPU.Build.0 = Release|Any CPU
		{1A333C04-6A7C-49A6-AAF1-5F388C1AE6C0}.Debug|Any CPU.ActiveCfg = Debug|Any CPU
		{1A333C04-6A7C-49A6-AAF1-5F388C1AE6C0}.Debug|Any CPU.Build.0 = Debug|Any CPU
		{1A333C04-6A7C-49A6-AAF1-5F388C1AE6C0}.Release|Any CPU.ActiveCfg = Release|Any CPU
		{1A333C04-6A7C-49A6-AAF1-5F388C1AE6C0}.Release|Any CPU.Build.0 = Release|Any CPU
		{15EF7FC8-67B2-4CCC-B9EB-7A88972AD3E0}.Debug|Any CPU.ActiveCfg = Debug|Any CPU
		{15EF7FC8-67B2-4CCC-B9EB-7A88972AD3E0}.Debug|Any CPU.Build.0 = Debug|Any CPU
		{15EF7FC8-67B2-4CCC-B9EB-7A88972AD3E0}.Release|Any CPU.ActiveCfg = Release|Any CPU
		{15EF7FC8-67B2-4CCC-B9EB-7A88972AD3E0}.Release|Any CPU.Build.0 = Release|Any CPU
		{A65700C9-8AD2-40F6-9B05-C86076109115}.Debug|Any CPU.ActiveCfg = Debug|Any CPU
		{A65700C9-8AD2-40F6-9B05-C86076109115}.Debug|Any CPU.Build.0 = Debug|Any CPU
		{A65700C9-8AD2-40F6-9B05-C86076109115}.Release|Any CPU.ActiveCfg = Release|Any CPU
		{A65700C9-8AD2-40F6-9B05-C86076109115}.Release|Any CPU.Build.0 = Release|Any CPU
		{EAA73369-4391-4045-B390-AF4D58054086}.Debug|Any CPU.ActiveCfg = Debug|Any CPU
		{EAA73369-4391-4045-B390-AF4D58054086}.Debug|Any CPU.Build.0 = Debug|Any CPU
		{EAA73369-4391-4045-B390-AF4D58054086}.Release|Any CPU.ActiveCfg = Release|Any CPU
		{EAA73369-4391-4045-B390-AF4D58054086}.Release|Any CPU.Build.0 = Release|Any CPU
		{4384788C-80FC-4BA0-97F3-626549EB6383}.Debug|Any CPU.ActiveCfg = Debug|Any CPU
		{4384788C-80FC-4BA0-97F3-626549EB6383}.Debug|Any CPU.Build.0 = Debug|Any CPU
		{4384788C-80FC-4BA0-97F3-626549EB6383}.Release|Any CPU.ActiveCfg = Release|Any CPU
		{4384788C-80FC-4BA0-97F3-626549EB6383}.Release|Any CPU.Build.0 = Release|Any CPU
		{B97E6143-F6C4-485B-AAF0-D4450FE1EB30}.Debug|Any CPU.ActiveCfg = Debug|Any CPU
		{B97E6143-F6C4-485B-AAF0-D4450FE1EB30}.Debug|Any CPU.Build.0 = Debug|Any CPU
		{B97E6143-F6C4-485B-AAF0-D4450FE1EB30}.Release|Any CPU.ActiveCfg = Release|Any CPU
		{B97E6143-F6C4-485B-AAF0-D4450FE1EB30}.Release|Any CPU.Build.0 = Release|Any CPU
		{84714139-261C-4D4B-A06E-D3A9BA0DB491}.Debug|Any CPU.ActiveCfg = Debug|Any CPU
		{84714139-261C-4D4B-A06E-D3A9BA0DB491}.Debug|Any CPU.Build.0 = Debug|Any CPU
		{84714139-261C-4D4B-A06E-D3A9BA0DB491}.Release|Any CPU.ActiveCfg = Release|Any CPU
		{84714139-261C-4D4B-A06E-D3A9BA0DB491}.Release|Any CPU.Build.0 = Release|Any CPU
		{C97FDCA2-3FBD-4378-809B-0926E0D2F8A6}.Debug|Any CPU.ActiveCfg = Debug|Any CPU
		{C97FDCA2-3FBD-4378-809B-0926E0D2F8A6}.Debug|Any CPU.Build.0 = Debug|Any CPU
		{C97FDCA2-3FBD-4378-809B-0926E0D2F8A6}.Release|Any CPU.ActiveCfg = Release|Any CPU
		{C97FDCA2-3FBD-4378-809B-0926E0D2F8A6}.Release|Any CPU.Build.0 = Release|Any CPU
		{F12C3BD4-FEB9-4A59-9F2F-F676A60D30BA}.Debug|Any CPU.ActiveCfg = Debug|Any CPU
		{F12C3BD4-FEB9-4A59-9F2F-F676A60D30BA}.Debug|Any CPU.Build.0 = Debug|Any CPU
		{F12C3BD4-FEB9-4A59-9F2F-F676A60D30BA}.Release|Any CPU.ActiveCfg = Release|Any CPU
		{F12C3BD4-FEB9-4A59-9F2F-F676A60D30BA}.Release|Any CPU.Build.0 = Release|Any CPU
		{78109175-0CCE-4A83-8A86-6D9A654D032A}.Debug|Any CPU.ActiveCfg = Debug|Any CPU
		{78109175-0CCE-4A83-8A86-6D9A654D032A}.Debug|Any CPU.Build.0 = Debug|Any CPU
		{78109175-0CCE-4A83-8A86-6D9A654D032A}.Release|Any CPU.ActiveCfg = Release|Any CPU
		{78109175-0CCE-4A83-8A86-6D9A654D032A}.Release|Any CPU.Build.0 = Release|Any CPU
		{2827DE5A-2DAB-47C7-8CF1-426611A36340}.Debug|Any CPU.ActiveCfg = Debug|Any CPU
		{2827DE5A-2DAB-47C7-8CF1-426611A36340}.Debug|Any CPU.Build.0 = Debug|Any CPU
		{2827DE5A-2DAB-47C7-8CF1-426611A36340}.Release|Any CPU.ActiveCfg = Release|Any CPU
		{2827DE5A-2DAB-47C7-8CF1-426611A36340}.Release|Any CPU.Build.0 = Release|Any CPU
		{F081E17E-B20D-44B8-93AE-35D463350758}.Debug|Any CPU.ActiveCfg = Debug|Any CPU
		{F081E17E-B20D-44B8-93AE-35D463350758}.Debug|Any CPU.Build.0 = Debug|Any CPU
		{F081E17E-B20D-44B8-93AE-35D463350758}.Release|Any CPU.ActiveCfg = Release|Any CPU
		{F081E17E-B20D-44B8-93AE-35D463350758}.Release|Any CPU.Build.0 = Release|Any CPU
		{FA41113A-C984-4630-831B-F89A797D7701}.Debug|Any CPU.ActiveCfg = Debug|Any CPU
		{FA41113A-C984-4630-831B-F89A797D7701}.Debug|Any CPU.Build.0 = Debug|Any CPU
		{FA41113A-C984-4630-831B-F89A797D7701}.Release|Any CPU.ActiveCfg = Release|Any CPU
		{FA41113A-C984-4630-831B-F89A797D7701}.Release|Any CPU.Build.0 = Release|Any CPU
	EndGlobalSection
	GlobalSection(SolutionProperties) = preSolution
		HideSolutionNode = FALSE
	EndGlobalSection
	GlobalSection(NestedProjects) = preSolution
		{1A333C04-6A7C-49A6-AAF1-5F388C1AE6C0} = {D2A0658F-0385-4302-B572-C384D42204C6}
		{15EF7FC8-67B2-4CCC-B9EB-7A88972AD3E0} = {D2A0658F-0385-4302-B572-C384D42204C6}
		{A65700C9-8AD2-40F6-9B05-C86076109115} = {A369790A-91A6-4973-A8E4-670B7392E1DF}
		{EAA73369-4391-4045-B390-AF4D58054086} = {A369790A-91A6-4973-A8E4-670B7392E1DF}
		{4384788C-80FC-4BA0-97F3-626549EB6383} = {AF06B128-763D-409B-B999-413E874A616B}
		{B97E6143-F6C4-485B-AAF0-D4450FE1EB30} = {AF06B128-763D-409B-B999-413E874A616B}
		{84714139-261C-4D4B-A06E-D3A9BA0DB491} = {ACC1D769-961D-462D-A017-E5822341D4A2}
		{C97FDCA2-3FBD-4378-809B-0926E0D2F8A6} = {17AA0CFD-293E-4ACE-82C8-FBBD2E920FD3}
		{F12C3BD4-FEB9-4A59-9F2F-F676A60D30BA} = {17AA0CFD-293E-4ACE-82C8-FBBD2E920FD3}
		{78109175-0CCE-4A83-8A86-6D9A654D032A} = {ACC1D769-961D-462D-A017-E5822341D4A2}
		{F081E17E-B20D-44B8-93AE-35D463350758} = {ACC1D769-961D-462D-A017-E5822341D4A2}
	EndGlobalSection
	GlobalSection(ExtensibilityGlobals) = postSolution
		SolutionGuid = {2D1BA98E-A9F8-46D2-B77B-B14A0BAC76A8}
	EndGlobalSection
EndGlobal
